
Microsoft Visual Studio Solution File, Format Version 12.00
# Visual Studio Version 17
VisualStudioVersion = 17.7.34202.233
MinimumVisualStudioVersion = 10.0.40219.1
Project("{FAE04EC0-301F-11D3-BF4B-00C04F79EFBC}") = "Implicitly Typed Local Variables-var", "Implicitly Typed Local Variables-var\Implicitly Typed Local Variables-var.csproj", "{7BAD2B05-56EC-40D2-89EC-B3F393D599BF}"
EndProject
Project("{FAE04EC0-301F-11D3-BF4B-00C04F79EFBC}") = "Seed Data", "Seed Data\Seed Data.csproj", "{AE5BA563-8A56-4A07-871B-E3FC8F7D7EA6}"
EndProject
Global
	GlobalSection(SolutionConfigurationPlatforms) = preSolution
		Debug|Any CPU = Debug|Any CPU
		Release|Any CPU = Release|Any CPU
	EndGlobalSection
	GlobalSection(ProjectConfigurationPlatforms) = postSolution
		{7BAD2B05-56EC-40D2-89EC-B3F393D599BF}.Debug|Any CPU.ActiveCfg = Debug|Any CPU
		{7BAD2B05-56EC-40D2-89EC-B3F393D599BF}.Debug|Any CPU.Build.0 = Debug|Any CPU
		{7BAD2B05-56EC-40D2-89EC-B3F393D599BF}.Release|Any CPU.ActiveCfg = Release|Any CPU
		{7BAD2B05-56EC-40D2-89EC-B3F393D599BF}.Release|Any CPU.Build.0 = Release|Any CPU
		{AE5BA563-8A56-4A07-871B-E3FC8F7D7EA6}.Debug|Any CPU.ActiveCfg = Debug|Any CPU
		{AE5BA563-8A56-4A07-871B-E3FC8F7D7EA6}.Debug|Any CPU.Build.0 = Debug|Any CPU
		{AE5BA563-8A56-4A07-871B-E3FC8F7D7EA6}.Release|Any CPU.ActiveCfg = Release|Any CPU
		{AE5BA563-8A56-4A07-871B-E3FC8F7D7EA6}.Release|Any CPU.Build.0 = Release|Any CPU
	EndGlobalSection
	GlobalSection(SolutionProperties) = preSolution
		HideSolutionNode = FALSE
	EndGlobalSection
	GlobalSection(ExtensibilityGlobals) = postSolution
		SolutionGuid = {4EE2B4E2-88CE-467B-8D55-14EE478009D7}
	EndGlobalSection
EndGlobal
