
Microsoft Visual Studio Solution File, Format Version 12.00
# Visual Studio Version 17
VisualStudioVersion = 17.7.34202.233
MinimumVisualStudioVersion = 10.0.40219.1
Project("{FAE04EC0-301F-11D3-BF4B-00C04F79EFBC}") = "IEnumerable LINQ Methods", "IEnumerable LINQ Methods\IEnumerable LINQ Methods.csproj", "{02BF5351-263C-4137-808B-CA5F2C4746C0}"
EndProject
Global
	GlobalSection(SolutionConfigurationPlatforms) = preSolution
		Debug|Any CPU = Debug|Any CPU
		Release|Any CPU = Release|Any CPU
	EndGlobalSection
	GlobalSection(ProjectConfigurationPlatforms) = postSolution
		{02BF5351-263C-4137-808B-CA5F2C4746C0}.Debug|Any CPU.ActiveCfg = Debug|Any CPU
		{02BF5351-263C-4137-808B-CA5F2C4746C0}.Debug|Any CPU.Build.0 = Debug|Any CPU
		{02BF5351-263C-4137-808B-CA5F2C4746C0}.Release|Any CPU.ActiveCfg = Release|Any CPU
		{02BF5351-263C-4137-808B-CA5F2C4746C0}.Release|Any CPU.Build.0 = Release|Any CPU
	EndGlobalSection
	GlobalSection(SolutionProperties) = preSolution
		HideSolutionNode = FALSE
	EndGlobalSection
	GlobalSection(ExtensibilityGlobals) = postSolution
		SolutionGuid = {A3D7218B-1668-42D1-8AAF-19A6C48D2CA8}
	EndGlobalSection
EndGlobal
